
Microsoft Visual Studio Solution File, Format Version 12.00
# Visual Studio Version 16
VisualStudioVersion = 16.0.31702.278
MinimumVisualStudioVersion = 10.0.40219.1
Project("{FAE04EC0-301F-11D3-BF4B-00C04F79EFBC}") = "ConsumidorRabbitMQ", "ConsumidorRabbitMQ.csproj", "{81752789-DE83-4B70-8B4E-DAD02D915C4C}"
EndProject
Global
	GlobalSection(SolutionConfigurationPlatforms) = preSolution
		Debug|Any CPU = Debug|Any CPU
		Release|Any CPU = Release|Any CPU
	EndGlobalSection
	GlobalSection(ProjectConfigurationPlatforms) = postSolution
		{81752789-DE83-4B70-8B4E-DAD02D915C4C}.Debug|Any CPU.ActiveCfg = Debug|Any CPU
		{81752789-DE83-4B70-8B4E-DAD02D915C4C}.Debug|Any CPU.Build.0 = Debug|Any CPU
		{81752789-DE83-4B70-8B4E-DAD02D915C4C}.Release|Any CPU.ActiveCfg = Release|Any CPU
		{81752789-DE83-4B70-8B4E-DAD02D915C4C}.Release|Any CPU.Build.0 = Release|Any CPU
	EndGlobalSection
	GlobalSection(SolutionProperties) = preSolution
		HideSolutionNode = FALSE
	EndGlobalSection
	GlobalSection(ExtensibilityGlobals) = postSolution
		SolutionGuid = {7B058567-12E2-4E9E-B46B-7C82C1D5DB13}
	EndGlobalSection
EndGlobal
